<?xml version="1.0" encoding="utf-8"?>
<Project ToolsVersion="4.0" xmlns="http://schemas.microsoft.com/developer/msbuild/2003">
  <ItemGroup>
    <ClCompile Include="bmp.cpp" />
    <ClCompile Include="GeneralModel.cpp" />
    <ClCompile Include="Model3D.cpp" />
    <ClCompile Include="OBJReader.cpp" />
    <ClCompile Include="OpenGLCanvas.cpp" />
    <ClCompile Include="main.cpp" />
    <ClCompile Include="OpenGLFace.cpp" />
    <ClCompile Include="trackball.c" />
    <ClCompile Include="Model3DRender.cpp" />
    <ClCompile Include="Camera3D.cpp" />
    <ClCompile Include="WorldObject3D.cpp" />
  </ItemGroup>
  <ItemGroup>
    <ClInclude Include="bmp.h" />
    <ClInclude Include="EventsID.h" />
    <ClInclude Include="GeneralModel.h" />
    <ClInclude Include="Model3D.h" />
    <ClInclude Include="OBJReader.h" />
    <ClInclude Include="OpenGLCanvas.h" />
    <ClInclude Include="main.h" />
    <ClInclude Include="OpenGLFace.h" />
    <ClInclude Include="trackball.h" />
    <ClInclude Include="Model3DRender.h" />
    <ClInclude Include="Camera3D.h" />
    <ClInclude Include="Constant3D.h" />
    <ClInclude Include="WorldObject3D.h" />
  </ItemGroup>
  <ItemGroup>
    <ResourceCompile Include="sample.rc" />
  </ItemGroup>
  <ItemGroup>
    <Image Include="sample.ico" />
  </ItemGroup>
</Project>